# THIS IS AN AUTOGENERATED FILE. DO NOT EDIT THIS FILE DIRECTLY.
# yarn lockfile v1


"@noble/bls12-381@^1.0.1":
  version "1.2.0"
  resolved "https://registry.yarnpkg.com/@noble/bls12-381/-/bls12-381-1.2.0.tgz#0d2f64a922a66fa07526080bcaf63fb7168f377c"
  integrity sha512-4wulV2SGeu4UxlXkNT0K88sG5g23tzmLMGFZgHSMkwz2Cd2zx2YFJNTEghdLioNdludTZQ5iQpMkQxrtyuS0mw==

lit-jwt-verifier@^1.0.2:
  version "1.0.2"
  resolved "https://registry.yarnpkg.com/lit-jwt-verifier/-/lit-jwt-verifier-1.0.2.tgz#eab2972f9fe7e7646c2eabcec42431699bcab47f"
  integrity sha512-RxmMIWDvoF2xUxQGZUsHr5WdPMYxqPT8PEJOJ9pMmXBP5EppF+JqNjJfes7QS8N5z/2jK93dT0sKaNsJjiXOvA==
  dependencies:
    "@noble/bls12-381" "^1.0.1"
    uint8arrays "^3.0.0"

multiformats@^9.4.2:
  version "9.5.8"
  resolved "https://registry.yarnpkg.com/multiformats/-/multiformats-9.5.8.tgz#b8b8fa80210b31a96bea2b59c26970b5815e5a5e"
  integrity sha512-GY154q1yPPdHX4ArXHE8Z1Mm9BxZcJetzEqfwQg/ongo91qIJDHJEio3zboHIKGEvBLrhVqKwlRuDqwa7+xECQ==

prettier@^1.18.2:
  version "1.19.1"
  resolved "https://registry.yarnpkg.com/prettier/-/prettier-1.19.1.tgz#f7d7f5ff8a9cd872a7be4ca142095956a60797cb"
  integrity sha512-s7PoyDv/II1ObgQunCbB9PdLmUcBZcnWOcxDh7O0N/UwDEsHyqkW+Qh28jW+mVuCdx7gLB0BotYI1Y6uI9iyew==

uint8arrays@^3.0.0:
  version "3.0.0"
  resolved "https://registry.yarnpkg.com/uint8arrays/-/uint8arrays-3.0.0.tgz#260869efb8422418b6f04e3fac73a3908175c63b"
  integrity sha512-HRCx0q6O9Bfbp+HHSfQQKD7wU70+lydKVt4EghkdOvlK/NlrF90z+eXV34mUd48rNvVJXwkrMSPpCATkct8fJA==
  dependencies:
    multiformats "^9.4.2"
